
Microsoft Visual Studio Solution File, Format Version 12.00
# Visual Studio Version 16
VisualStudioVersion = 25.0.1705.4
MinimumVisualStudioVersion = 10.0.40219.1
Project("{FAE04EC0-301F-11D3-BF4B-00C04F79EFBC}") = "Alalgorithmic-problems", "Alalgorithmic-problems\Alalgorithmic-problems.csproj", "{BCE07A6A-881F-4C51-921F-AB8C35B6D0EC}"
EndProject
Global
	GlobalSection(SolutionConfigurationPlatforms) = preSolution
		Debug|Any CPU = Debug|Any CPU
		Release|Any CPU = Release|Any CPU
	EndGlobalSection
	GlobalSection(ProjectConfigurationPlatforms) = postSolution
		{BCE07A6A-881F-4C51-921F-AB8C35B6D0EC}.Debug|Any CPU.ActiveCfg = Debug|Any CPU
		{BCE07A6A-881F-4C51-921F-AB8C35B6D0EC}.Debug|Any CPU.Build.0 = Debug|Any CPU
		{BCE07A6A-881F-4C51-921F-AB8C35B6D0EC}.Release|Any CPU.ActiveCfg = Release|Any CPU
		{BCE07A6A-881F-4C51-921F-AB8C35B6D0EC}.Release|Any CPU.Build.0 = Release|Any CPU
	EndGlobalSection
	GlobalSection(SolutionProperties) = preSolution
		HideSolutionNode = FALSE
	EndGlobalSection
	GlobalSection(ExtensibilityGlobals) = postSolution
		SolutionGuid = {72E6BC44-7D53-465C-8381-D438A64CA3D2}
	EndGlobalSection
EndGlobal
